
Microsoft Visual Studio Solution File, Format Version 12.00
# Visual Studio Version 17
VisualStudioVersion = 17.0.31903.59
MinimumVisualStudioVersion = 10.0.40219.1
Project("{FAE04EC0-301F-11D3-BF4B-00C04F79EFBC}") = "HotelApp_Project.Android", "HotelApp_Project\HotelApp_Project.Android\HotelApp_Project.Android.csproj", "{38AB6BB9-802D-4833-B34A-10B88759D3EB}"
EndProject
Project("{FAE04EC0-301F-11D3-BF4B-00C04F79EFBC}") = "HotelApp_Project.iOS", "HotelApp_Project\HotelApp_Project.iOS\HotelApp_Project.iOS.csproj", "{766334D0-1B8B-41F6-BC5D-2100BC28B12D}"
EndProject
Project("{9A19103F-16F7-4668-BE54-9A1E7A4F7556}") = "HotelApp_Project", "HotelApp_Project\HotelApp_Project\HotelApp_Project.csproj", "{854507B9-2402-460B-9589-D6C473615335}"
EndProject
Global
	GlobalSection(SolutionConfigurationPlatforms) = preSolution
		Debug|Any CPU = Debug|Any CPU
		Debug|iPhone = Debug|iPhone
		Debug|iPhoneSimulator = Debug|iPhoneSimulator
		Release|Any CPU = Release|Any CPU
		Release|iPhone = Release|iPhone
		Release|iPhoneSimulator = Release|iPhoneSimulator
	EndGlobalSection
	GlobalSection(ProjectConfigurationPlatforms) = postSolution
		{38AB6BB9-802D-4833-B34A-10B88759D3EB}.Debug|Any CPU.ActiveCfg = Debug|Any CPU
		{38AB6BB9-802D-4833-B34A-10B88759D3EB}.Debug|Any CPU.Build.0 = Debug|Any CPU
		{38AB6BB9-802D-4833-B34A-10B88759D3EB}.Debug|Any CPU.Deploy.0 = Debug|Any CPU
		{38AB6BB9-802D-4833-B34A-10B88759D3EB}.Debug|iPhone.ActiveCfg = Debug|Any CPU
		{38AB6BB9-802D-4833-B34A-10B88759D3EB}.Debug|iPhone.Build.0 = Debug|Any CPU
		{38AB6BB9-802D-4833-B34A-10B88759D3EB}.Debug|iPhone.Deploy.0 = Debug|Any CPU
		{38AB6BB9-802D-4833-B34A-10B88759D3EB}.Debug|iPhoneSimulator.ActiveCfg = Debug|Any CPU
		{38AB6BB9-802D-4833-B34A-10B88759D3EB}.Debug|iPhoneSimulator.Build.0 = Debug|Any CPU
		{38AB6BB9-802D-4833-B34A-10B88759D3EB}.Debug|iPhoneSimulator.Deploy.0 = Debug|Any CPU
		{38AB6BB9-802D-4833-B34A-10B88759D3EB}.Release|Any CPU.ActiveCfg = Release|Any CPU
		{38AB6BB9-802D-4833-B34A-10B88759D3EB}.Release|Any CPU.Build.0 = Release|Any CPU
		{38AB6BB9-802D-4833-B34A-10B88759D3EB}.Release|Any CPU.Deploy.0 = Release|Any CPU
		{38AB6BB9-802D-4833-B34A-10B88759D3EB}.Release|iPhone.ActiveCfg = Release|Any CPU
		{38AB6BB9-802D-4833-B34A-10B88759D3EB}.Release|iPhone.Build.0 = Release|Any CPU
		{38AB6BB9-802D-4833-B34A-10B88759D3EB}.Release|iPhone.Deploy.0 = Release|Any CPU
		{38AB6BB9-802D-4833-B34A-10B88759D3EB}.Release|iPhoneSimulator.ActiveCfg = Release|Any CPU
		{38AB6BB9-802D-4833-B34A-10B88759D3EB}.Release|iPhoneSimulator.Build.0 = Release|Any CPU
		{38AB6BB9-802D-4833-B34A-10B88759D3EB}.Release|iPhoneSimulator.Deploy.0 = Release|Any CPU
		{766334D0-1B8B-41F6-BC5D-2100BC28B12D}.Debug|Any CPU.ActiveCfg = Debug|iPhone
		{766334D0-1B8B-41F6-BC5D-2100BC28B12D}.Debug|Any CPU.Build.0 = Debug|iPhone
		{766334D0-1B8B-41F6-BC5D-2100BC28B12D}.Debug|Any CPU.Deploy.0 = Debug|iPhone
		{766334D0-1B8B-41F6-BC5D-2100BC28B12D}.Debug|iPhone.ActiveCfg = Debug|iPhone
		{766334D0-1B8B-41F6-BC5D-2100BC28B12D}.Debug|iPhone.Build.0 = Debug|iPhone
		{766334D0-1B8B-41F6-BC5D-2100BC28B12D}.Debug|iPhone.Deploy.0 = Debug|iPhone
		{766334D0-1B8B-41F6-BC5D-2100BC28B12D}.Debug|iPhoneSimulator.ActiveCfg = Debug|iPhoneSimulator
		{766334D0-1B8B-41F6-BC5D-2100BC28B12D}.Debug|iPhoneSimulator.Build.0 = Debug|iPhoneSimulator
		{766334D0-1B8B-41F6-BC5D-2100BC28B12D}.Debug|iPhoneSimulator.Deploy.0 = Debug|iPhoneSimulator
		{766334D0-1B8B-41F6-BC5D-2100BC28B12D}.Release|Any CPU.ActiveCfg = Release|iPhoneSimulator
		{766334D0-1B8B-41F6-BC5D-2100BC28B12D}.Release|Any CPU.Build.0 = Release|iPhoneSimulator
		{766334D0-1B8B-41F6-BC5D-2100BC28B12D}.Release|Any CPU.Deploy.0 = Release|iPhoneSimulator
		{766334D0-1B8B-41F6-BC5D-2100BC28B12D}.Release|iPhone.ActiveCfg = Release|iPhone
		{766334D0-1B8B-41F6-BC5D-2100BC28B12D}.Release|iPhone.Build.0 = Release|iPhone
		{766334D0-1B8B-41F6-BC5D-2100BC28B12D}.Release|iPhone.Deploy.0 = Release|iPhone
		{766334D0-1B8B-41F6-BC5D-2100BC28B12D}.Release|iPhoneSimulator.ActiveCfg = Release|iPhoneSimulator
		{766334D0-1B8B-41F6-BC5D-2100BC28B12D}.Release|iPhoneSimulator.Build.0 = Release|iPhoneSimulator
		{766334D0-1B8B-41F6-BC5D-2100BC28B12D}.Release|iPhoneSimulator.Deploy.0 = Release|iPhoneSimulator
		{854507B9-2402-460B-9589-D6C473615335}.Debug|Any CPU.ActiveCfg = Debug|Any CPU
		{854507B9-2402-460B-9589-D6C473615335}.Debug|Any CPU.Build.0 = Debug|Any CPU
		{854507B9-2402-460B-9589-D6C473615335}.Debug|Any CPU.Deploy.0 = Debug|Any CPU
		{854507B9-2402-460B-9589-D6C473615335}.Debug|iPhone.ActiveCfg = Debug|Any CPU
		{854507B9-2402-460B-9589-D6C473615335}.Debug|iPhone.Build.0 = Debug|Any CPU
		{854507B9-2402-460B-9589-D6C473615335}.Debug|iPhone.Deploy.0 = Debug|Any CPU
		{854507B9-2402-460B-9589-D6C473615335}.Debug|iPhoneSimulator.ActiveCfg = Debug|Any CPU
		{854507B9-2402-460B-9589-D6C473615335}.Debug|iPhoneSimulator.Build.0 = Debug|Any CPU
		{854507B9-2402-460B-9589-D6C473615335}.Debug|iPhoneSimulator.Deploy.0 = Debug|Any CPU
		{854507B9-2402-460B-9589-D6C473615335}.Release|Any CPU.ActiveCfg = Release|Any CPU
		{854507B9-2402-460B-9589-D6C473615335}.Release|Any CPU.Build.0 = Release|Any CPU
		{854507B9-2402-460B-9589-D6C473615335}.Release|Any CPU.Deploy.0 = Release|Any CPU
		{854507B9-2402-460B-9589-D6C473615335}.Release|iPhone.ActiveCfg = Release|Any CPU
		{854507B9-2402-460B-9589-D6C473615335}.Release|iPhone.Build.0 = Release|Any CPU
		{854507B9-2402-460B-9589-D6C473615335}.Release|iPhone.Deploy.0 = Release|Any CPU
		{854507B9-2402-460B-9589-D6C473615335}.Release|iPhoneSimulator.ActiveCfg = Release|Any CPU
		{854507B9-2402-460B-9589-D6C473615335}.Release|iPhoneSimulator.Build.0 = Release|Any CPU
		{854507B9-2402-460B-9589-D6C473615335}.Release|iPhoneSimulator.Deploy.0 = Release|Any CPU
	EndGlobalSection
	GlobalSection(SolutionProperties) = preSolution
		HideSolutionNode = FALSE
	EndGlobalSection
	GlobalSection(ExtensibilityGlobals) = postSolution
		SolutionGuid = {A7149887-852D-469F-99FB-EC77939AFB60}
	EndGlobalSection
EndGlobal
